
Microsoft Visual Studio Solution File, Format Version 12.00
# Visual Studio Version 17
VisualStudioVersion = 17.0.32014.148
MinimumVisualStudioVersion = 10.0.40219.1
Project("{8BC9CEB8-8B4A-11D0-8D11-00A0C91BC942}") = "zmConsole", "zmConsole\zmConsole.vcxproj", "{C92A234D-58C7-46A8-B6B9-E0A662F442FD}"
EndProject
Global
	GlobalSection(SolutionConfigurationPlatforms) = preSolution
		Debug|x64 = Debug|x64
		Debug|x86 = Debug|x86
		Release|x64 = Release|x64
		Release|x86 = Release|x86
	EndGlobalSection
	GlobalSection(ProjectConfigurationPlatforms) = postSolution
		{C92A234D-58C7-46A8-B6B9-E0A662F442FD}.Debug|x64.ActiveCfg = Debug|x64
		{C92A234D-58C7-46A8-B6B9-E0A662F442FD}.Debug|x64.Build.0 = Debug|x64
		{C92A234D-58C7-46A8-B6B9-E0A662F442FD}.Debug|x86.ActiveCfg = Debug|Win32
		{C92A234D-58C7-46A8-B6B9-E0A662F442FD}.Debug|x86.Build.0 = Debug|Win32
		{C92A234D-58C7-46A8-B6B9-E0A662F442FD}.Release|x64.ActiveCfg = Release|x64
		{C92A234D-58C7-46A8-B6B9-E0A662F442FD}.Release|x64.Build.0 = Release|x64
		{C92A234D-58C7-46A8-B6B9-E0A662F442FD}.Release|x86.ActiveCfg = Release|Win32
		{C92A234D-58C7-46A8-B6B9-E0A662F442FD}.Release|x86.Build.0 = Release|Win32
	EndGlobalSection
	GlobalSection(SolutionProperties) = preSolution
		HideSolutionNode = FALSE
	EndGlobalSection
	GlobalSection(ExtensibilityGlobals) = postSolution
		SolutionGuid = {BCDFFC5F-BA57-4180-B6E4-332D87474ACC}
	EndGlobalSection
EndGlobal
